
Microsoft Visual Studio Solution File, Format Version 12.00
# Visual Studio Version 16
VisualStudioVersion = 25.0.1706.12
MinimumVisualStudioVersion = 10.0.40219.1
Project("{FAE04EC0-301F-11D3-BF4B-00C04F79EFBC}") = "BuilderPattern", "BuilderPattern\BuilderPattern.csproj", "{3BB45CFA-592F-46BA-AA62-EC316DCC3A4B}"
EndProject
Project("{FAE04EC0-301F-11D3-BF4B-00C04F79EFBC}") = "BuilderPattern2", "BuilderPattern2\BuilderPattern2.csproj", "{FE164806-A264-47D9-8F54-BFCA2B85CE75}"
EndProject
Global
	GlobalSection(SolutionConfigurationPlatforms) = preSolution
		Debug|Any CPU = Debug|Any CPU
		Release|Any CPU = Release|Any CPU
	EndGlobalSection
	GlobalSection(ProjectConfigurationPlatforms) = postSolution
		{3BB45CFA-592F-46BA-AA62-EC316DCC3A4B}.Debug|Any CPU.ActiveCfg = Debug|Any CPU
		{3BB45CFA-592F-46BA-AA62-EC316DCC3A4B}.Debug|Any CPU.Build.0 = Debug|Any CPU
		{3BB45CFA-592F-46BA-AA62-EC316DCC3A4B}.Release|Any CPU.ActiveCfg = Release|Any CPU
		{3BB45CFA-592F-46BA-AA62-EC316DCC3A4B}.Release|Any CPU.Build.0 = Release|Any CPU
		{FE164806-A264-47D9-8F54-BFCA2B85CE75}.Debug|Any CPU.ActiveCfg = Debug|Any CPU
		{FE164806-A264-47D9-8F54-BFCA2B85CE75}.Debug|Any CPU.Build.0 = Debug|Any CPU
		{FE164806-A264-47D9-8F54-BFCA2B85CE75}.Release|Any CPU.ActiveCfg = Release|Any CPU
		{FE164806-A264-47D9-8F54-BFCA2B85CE75}.Release|Any CPU.Build.0 = Release|Any CPU
	EndGlobalSection
	GlobalSection(SolutionProperties) = preSolution
		HideSolutionNode = FALSE
	EndGlobalSection
	GlobalSection(ExtensibilityGlobals) = postSolution
		SolutionGuid = {5F7C7860-8D40-4ACB-BD21-2E5A6F589514}
	EndGlobalSection
EndGlobal
