
Microsoft Visual Studio Solution File, Format Version 12.00
# Visual Studio Version 16
VisualStudioVersion = 25.0.1706.13
MinimumVisualStudioVersion = 10.0.40219.1
Project("{FAE04EC0-301F-11D3-BF4B-00C04F79EFBC}") = "Inclass_03", "Inclass_03\Inclass_03.csproj", "{2976D458-01F4-4A05-91CC-426F80C78486}"
EndProject
Global
	GlobalSection(SolutionConfigurationPlatforms) = preSolution
		Debug|Any CPU = Debug|Any CPU
		Release|Any CPU = Release|Any CPU
	EndGlobalSection
	GlobalSection(ProjectConfigurationPlatforms) = postSolution
		{2976D458-01F4-4A05-91CC-426F80C78486}.Debug|Any CPU.ActiveCfg = Debug|Any CPU
		{2976D458-01F4-4A05-91CC-426F80C78486}.Debug|Any CPU.Build.0 = Debug|Any CPU
		{2976D458-01F4-4A05-91CC-426F80C78486}.Release|Any CPU.ActiveCfg = Release|Any CPU
		{2976D458-01F4-4A05-91CC-426F80C78486}.Release|Any CPU.Build.0 = Release|Any CPU
	EndGlobalSection
	GlobalSection(SolutionProperties) = preSolution
		HideSolutionNode = FALSE
	EndGlobalSection
	GlobalSection(ExtensibilityGlobals) = postSolution
		SolutionGuid = {915A3DD2-B694-46AD-9BCB-961E7976B2C1}
	EndGlobalSection
EndGlobal
