
Microsoft Visual Studio Solution File, Format Version 12.00
# Visual Studio Version 16
VisualStudioVersion = 25.0.1706.12
MinimumVisualStudioVersion = 10.0.40219.1
Project("{FAE04EC0-301F-11D3-BF4B-00C04F79EFBC}") = "SingletonPattern", "SingletonPattern\SingletonPattern.csproj", "{3CE847EB-AD35-4F19-985B-4A804524F872}"
EndProject
Project("{FAE04EC0-301F-11D3-BF4B-00C04F79EFBC}") = "LazySingletonPattern", "LazySingletonPattern\LazySingletonPattern.csproj", "{50A610F6-135E-4E96-8B59-CE053EBFA805}"
EndProject
Global
	GlobalSection(SolutionConfigurationPlatforms) = preSolution
		Debug|Any CPU = Debug|Any CPU
		Release|Any CPU = Release|Any CPU
	EndGlobalSection
	GlobalSection(ProjectConfigurationPlatforms) = postSolution
		{3CE847EB-AD35-4F19-985B-4A804524F872}.Debug|Any CPU.ActiveCfg = Debug|Any CPU
		{3CE847EB-AD35-4F19-985B-4A804524F872}.Debug|Any CPU.Build.0 = Debug|Any CPU
		{3CE847EB-AD35-4F19-985B-4A804524F872}.Release|Any CPU.ActiveCfg = Release|Any CPU
		{3CE847EB-AD35-4F19-985B-4A804524F872}.Release|Any CPU.Build.0 = Release|Any CPU
		{50A610F6-135E-4E96-8B59-CE053EBFA805}.Debug|Any CPU.ActiveCfg = Debug|Any CPU
		{50A610F6-135E-4E96-8B59-CE053EBFA805}.Debug|Any CPU.Build.0 = Debug|Any CPU
		{50A610F6-135E-4E96-8B59-CE053EBFA805}.Release|Any CPU.ActiveCfg = Release|Any CPU
		{50A610F6-135E-4E96-8B59-CE053EBFA805}.Release|Any CPU.Build.0 = Release|Any CPU
	EndGlobalSection
	GlobalSection(SolutionProperties) = preSolution
		HideSolutionNode = FALSE
	EndGlobalSection
	GlobalSection(ExtensibilityGlobals) = postSolution
		SolutionGuid = {2CA253E0-5B82-4DAC-864A-CD8853F5320B}
	EndGlobalSection
EndGlobal
