
Microsoft Visual Studio Solution File, Format Version 12.00
# Visual Studio Version 16
VisualStudioVersion = 25.0.1706.12
MinimumVisualStudioVersion = 10.0.40219.1
Project("{FAE04EC0-301F-11D3-BF4B-00C04F79EFBC}") = "FactoryMethod", "FactoryMethod\FactoryMethod.csproj", "{D57C8011-3867-4ACC-AC9F-1B478FDC99EF}"
EndProject
Global
	GlobalSection(SolutionConfigurationPlatforms) = preSolution
		Debug|Any CPU = Debug|Any CPU
		Release|Any CPU = Release|Any CPU
	EndGlobalSection
	GlobalSection(ProjectConfigurationPlatforms) = postSolution
		{D57C8011-3867-4ACC-AC9F-1B478FDC99EF}.Debug|Any CPU.ActiveCfg = Debug|Any CPU
		{D57C8011-3867-4ACC-AC9F-1B478FDC99EF}.Debug|Any CPU.Build.0 = Debug|Any CPU
		{D57C8011-3867-4ACC-AC9F-1B478FDC99EF}.Release|Any CPU.ActiveCfg = Release|Any CPU
		{D57C8011-3867-4ACC-AC9F-1B478FDC99EF}.Release|Any CPU.Build.0 = Release|Any CPU
	EndGlobalSection
	GlobalSection(SolutionProperties) = preSolution
		HideSolutionNode = FALSE
	EndGlobalSection
	GlobalSection(ExtensibilityGlobals) = postSolution
		SolutionGuid = {8D33CBF9-F08E-4D1A-813A-6F6A35DFBE05}
	EndGlobalSection
EndGlobal
